
Microsoft Visual Studio Solution File, Format Version 12.00
# Visual Studio 15
VisualStudioVersion = 15.0.28307.1300
MinimumVisualStudioVersion = 10.0.40219.1
Project("{8BC9CEB8-8B4A-11D0-8D11-00A0C91BC942}") = "MyOpenGLTest", "MyOpenGLTest\MyOpenGLTest.vcxproj", "{176FA25F-B508-4195-82C9-C6DA8AC4F3CE}"
EndProject
Global
	GlobalSection(SolutionConfigurationPlatforms) = preSolution
		Debug|x64 = Debug|x64
		Debug|x86 = Debug|x86
		Release|x64 = Release|x64
		Release|x86 = Release|x86
	EndGlobalSection
	GlobalSection(ProjectConfigurationPlatforms) = postSolution
		{176FA25F-B508-4195-82C9-C6DA8AC4F3CE}.Debug|x64.ActiveCfg = Debug|x64
		{176FA25F-B508-4195-82C9-C6DA8AC4F3CE}.Debug|x64.Build.0 = Debug|x64
		{176FA25F-B508-4195-82C9-C6DA8AC4F3CE}.Debug|x86.ActiveCfg = Debug|Win32
		{176FA25F-B508-4195-82C9-C6DA8AC4F3CE}.Debug|x86.Build.0 = Debug|Win32
		{176FA25F-B508-4195-82C9-C6DA8AC4F3CE}.Release|x64.ActiveCfg = Release|x64
		{176FA25F-B508-4195-82C9-C6DA8AC4F3CE}.Release|x64.Build.0 = Release|x64
		{176FA25F-B508-4195-82C9-C6DA8AC4F3CE}.Release|x86.ActiveCfg = Release|Win32
		{176FA25F-B508-4195-82C9-C6DA8AC4F3CE}.Release|x86.Build.0 = Release|Win32
	EndGlobalSection
	GlobalSection(SolutionProperties) = preSolution
		HideSolutionNode = FALSE
	EndGlobalSection
	GlobalSection(ExtensibilityGlobals) = postSolution
		SolutionGuid = {EAA409DA-05BD-4D15-A969-0FC2F20D5986}
	EndGlobalSection
EndGlobal
