<?xml version="1.0" encoding="utf-8"?>
<Project ToolsVersion="4.0" xmlns="http://schemas.microsoft.com/developer/msbuild/2003">
  <ItemGroup>
    <Filter Include="源文件">
      <UniqueIdentifier>{4FC737F1-C7A5-4376-A066-2A32D752A2FF}</UniqueIdentifier>
      <Extensions>cpp;c;cc;cxx;def;odl;idl;hpj;bat;asm;asmx</Extensions>
    </Filter>
    <Filter Include="头文件">
      <UniqueIdentifier>{93995380-89BD-4b04-88EB-625FBE52EBFB}</UniqueIdentifier>
      <Extensions>h;hh;hpp;hxx;hm;inl;inc;ipp;xsd</Extensions>
    </Filter>
    <Filter Include="资源文件">
      <UniqueIdentifier>{67DA6AB6-F800-4c08-8B7A-83BB121AAD01}</UniqueIdentifier>
      <Extensions>rc;ico;cur;bmp;dlg;rc2;rct;bin;rgs;gif;jpg;jpeg;jpe;resx;tiff;tif;png;wav;mfcribbon-ms</Extensions>
    </Filter>
    <Filter Include="Game2D">
      <UniqueIdentifier>{07c076bf-752a-4547-9eac-c9d201c3fa64}</UniqueIdentifier>
    </Filter>
    <Filter Include="Framework">
      <UniqueIdentifier>{ec9480e7-cc1a-42cf-84ad-03308a9f8c61}</UniqueIdentifier>
    </Filter>
  </ItemGroup>
  <ItemGroup>
    <ClCompile Include="DrawSimpleTriangle.cpp">
      <Filter>源文件</Filter>
    </ClCompile>
    <ClCompile Include="DrawSimpleTriangle_2.cpp">
      <Filter>源文件</Filter>
    </ClCompile>
    <ClCompile Include="DrawSimpleTriangle_3.cpp">
      <Filter>源文件</Filter>
    </ClCompile>
    <ClCompile Include="DrawSimpleTriangle_4.cpp">
      <Filter>源文件</Filter>
    </ClCompile>
    <ClCompile Include="DrawSimpleTriangle_5.cpp">
      <Filter>源文件</Filter>
    </ClCompile>
    <ClCompile Include="DrawSimpleTriangle_6.cpp">
      <Filter>源文件</Filter>
    </ClCompile>
    <ClCompile Include="DrawSimpleTriangle_7.cpp">
      <Filter>源文件</Filter>
    </ClCompile>
    <ClCompile Include="DrawSimpleTriangle_8.cpp">
      <Filter>源文件</Filter>
    </ClCompile>
    <ClCompile Include="DrawSimpleTriangle_9.cpp">
      <Filter>源文件</Filter>
    </ClCompile>
    <ClCompile Include="DrawSimpleTriangle_10.cpp">
      <Filter>源文件</Filter>
    </ClCompile>
    <ClCompile Include="DrawSimpleTriangle_11.cpp">
      <Filter>源文件</Filter>
    </ClCompile>
    <ClCompile Include="DrawSimpleTriangle_12.cpp">
      <Filter>源文件</Filter>
    </ClCompile>
    <ClCompile Include="DrawSimpleTriangle_13.cpp">
      <Filter>源文件</Filter>
    </ClCompile>
    <ClCompile Include="DrawSimpleTriangle_14.cpp">
      <Filter>源文件</Filter>
    </ClCompile>
    <ClCompile Include="DrawSimpleTriangle_15.cpp">
      <Filter>源文件</Filter>
    </ClCompile>
    <ClCompile Include="DrawSimpleTriangle_16.cpp">
      <Filter>源文件</Filter>
    </ClCompile>
    <ClCompile Include="DrawSimpleTriangle_17.cpp">
      <Filter>源文件</Filter>
    </ClCompile>
    <ClCompile Include="DrawSimpleTriangle_18.cpp">
      <Filter>源文件</Filter>
    </ClCompile>
    <ClCompile Include="DrawSimpleTriangle_19.cpp">
      <Filter>源文件</Filter>
    </ClCompile>
    <ClCompile Include="DrawSimpleTriangle_20.cpp">
      <Filter>源文件</Filter>
    </ClCompile>
    <ClCompile Include="DrawSimpleTriangle_21.cpp">
      <Filter>源文件</Filter>
    </ClCompile>
    <ClCompile Include="DrawSimpleTriangle_22.cpp">
      <Filter>源文件</Filter>
    </ClCompile>
    <ClCompile Include="DrawSimpleTriangle_23.cpp">
      <Filter>源文件</Filter>
    </ClCompile>
    <ClCompile Include="DrawSimpleTriangle_24.cpp">
      <Filter>源文件</Filter>
    </ClCompile>
    <ClCompile Include="DrawSimpleTriangle_25.cpp">
      <Filter>源文件</Filter>
    </ClCompile>
    <ClCompile Include="DrawSimpleTriangle_26.cpp">
      <Filter>源文件</Filter>
    </ClCompile>
    <ClCompile Include="DrawSimpleTriangle_27.cpp">
      <Filter>源文件</Filter>
    </ClCompile>
    <ClCompile Include="DrawSimpleTriangle_28.cpp">
      <Filter>源文件</Filter>
    </ClCompile>
    <ClCompile Include="DrawSimpleTriangle_29.cpp">
      <Filter>源文件</Filter>
    </ClCompile>
    <ClCompile Include="DrawSimpleTriangle_30.cpp">
      <Filter>源文件</Filter>
    </ClCompile>
    <ClCompile Include="DrawSimpleTriangle_31.cpp">
      <Filter>源文件</Filter>
    </ClCompile>
    <ClCompile Include="DrawSimpleTriangle_32.cpp">
      <Filter>源文件</Filter>
    </ClCompile>
    <ClCompile Include="DrawSimpleTriangle_33.cpp">
      <Filter>源文件</Filter>
    </ClCompile>
    <ClCompile Include="DrawSimpleTriangle_34.cpp">
      <Filter>源文件</Filter>
    </ClCompile>
    <ClCompile Include="DrawSimpleTriangle_35.cpp">
      <Filter>源文件</Filter>
    </ClCompile>
    <ClCompile Include="DrawSimpleTriangle_36.cpp">
      <Filter>源文件</Filter>
    </ClCompile>
    <ClCompile Include="DrawSimpleTriangle_37.cpp">
      <Filter>源文件</Filter>
    </ClCompile>
    <ClCompile Include="texture.cpp">
      <Filter>Game2D</Filter>
    </ClCompile>
    <ClCompile Include="Game.cpp">
      <Filter>Game2D</Filter>
    </ClCompile>
    <ClCompile Include="..\src\hello.cpp">
      <Filter>Framework</Filter>
    </ClCompile>
    <ClCompile Include="Mesh.cpp">
      <Filter>Framework</Filter>
    </ClCompile>
    <ClCompile Include="Model.cpp">
      <Filter>Framework</Filter>
    </ClCompile>
    <ClCompile Include="SimpleDrawTestBase.cpp">
      <Filter>Framework</Filter>
    </ClCompile>
    <ClCompile Include="stb_image_output.cpp">
      <Filter>Framework</Filter>
    </ClCompile>
    <ClCompile Include="resource_manager.cpp">
      <Filter>Game2D</Filter>
    </ClCompile>
    <ClCompile Include="game_object.cpp">
      <Filter>Game2D</Filter>
    </ClCompile>
    <ClCompile Include="sprite_renderer.cpp">
      <Filter>Game2D</Filter>
    </ClCompile>
    <ClCompile Include="game_level.cpp">
      <Filter>Game2D</Filter>
    </ClCompile>
    <ClCompile Include="ball_object.cpp">
      <Filter>Game2D</Filter>
    </ClCompile>
    <ClCompile Include="particle_generator.cpp">
      <Filter>Game2D</Filter>
    </ClCompile>
    <ClCompile Include="post_processor.cpp">
      <Filter>Game2D</Filter>
    </ClCompile>
    <ClCompile Include="power_up.cpp">
      <Filter>Game2D</Filter>
    </ClCompile>
  </ItemGroup>
  <ItemGroup>
    <None Include="..\ThirdPartyLibs\Libs\assimpd.dll">
      <Filter>资源文件</Filter>
    </None>
  </ItemGroup>
  <ItemGroup>
    <ClInclude Include="DrawSimpleTriangle.h">
      <Filter>头文件</Filter>
    </ClInclude>
    <ClInclude Include="DrawSimpleTriangle_2.h">
      <Filter>头文件</Filter>
    </ClInclude>
    <ClInclude Include="DrawSimpleTriangle_3.h">
      <Filter>头文件</Filter>
    </ClInclude>
    <ClInclude Include="DrawSimpleTriangle_4.h">
      <Filter>头文件</Filter>
    </ClInclude>
    <ClInclude Include="DrawSimpleTriangle_5.h">
      <Filter>头文件</Filter>
    </ClInclude>
    <ClInclude Include="DrawSimpleTriangle_6.h">
      <Filter>头文件</Filter>
    </ClInclude>
    <ClInclude Include="DrawSimpleTriangle_7.h">
      <Filter>头文件</Filter>
    </ClInclude>
    <ClInclude Include="DrawSimpleTriangle_8.h">
      <Filter>头文件</Filter>
    </ClInclude>
    <ClInclude Include="DrawSimpleTriangle_9.h">
      <Filter>头文件</Filter>
    </ClInclude>
    <ClInclude Include="DrawSimpleTriangle_10.h">
      <Filter>头文件</Filter>
    </ClInclude>
    <ClInclude Include="DrawSimpleTriangle_11.h">
      <Filter>头文件</Filter>
    </ClInclude>
    <ClInclude Include="DrawSimpleTriangle_12.h">
      <Filter>头文件</Filter>
    </ClInclude>
    <ClInclude Include="DrawSimpleTriangle_13.h">
      <Filter>头文件</Filter>
    </ClInclude>
    <ClInclude Include="DrawSimpleTriangle_14.h">
      <Filter>头文件</Filter>
    </ClInclude>
    <ClInclude Include="DrawSimpleTriangle_15.h">
      <Filter>头文件</Filter>
    </ClInclude>
    <ClInclude Include="DrawSimpleTriangle_16.h">
      <Filter>头文件</Filter>
    </ClInclude>
    <ClInclude Include="DrawSimpleTriangle_17.h">
      <Filter>头文件</Filter>
    </ClInclude>
    <ClInclude Include="DrawSimpleTriangle_18.h">
      <Filter>头文件</Filter>
    </ClInclude>
    <ClInclude Include="DrawSimpleTriangle_19.h">
      <Filter>头文件</Filter>
    </ClInclude>
    <ClInclude Include="DrawSimpleTriangle_20.h">
      <Filter>头文件</Filter>
    </ClInclude>
    <ClInclude Include="DrawSimpleTriangle_21.h">
      <Filter>头文件</Filter>
    </ClInclude>
    <ClInclude Include="DrawSimpleTriangle_22.h">
      <Filter>头文件</Filter>
    </ClInclude>
    <ClInclude Include="DrawSimpleTriangle_23.h">
      <Filter>头文件</Filter>
    </ClInclude>
    <ClInclude Include="DrawSimpleTriangle_24.h">
      <Filter>头文件</Filter>
    </ClInclude>
    <ClInclude Include="DrawSimpleTriangle_25.h">
      <Filter>头文件</Filter>
    </ClInclude>
    <ClInclude Include="DrawSimpleTriangle_26.h">
      <Filter>头文件</Filter>
    </ClInclude>
    <ClInclude Include="DrawSimpleTriangle_27.h">
      <Filter>头文件</Filter>
    </ClInclude>
    <ClInclude Include="DrawSimpleTriangle_28.h">
      <Filter>头文件</Filter>
    </ClInclude>
    <ClInclude Include="DrawSimpleTriangle_29.h">
      <Filter>头文件</Filter>
    </ClInclude>
    <ClInclude Include="DrawSimpleTriangle_30.h">
      <Filter>头文件</Filter>
    </ClInclude>
    <ClInclude Include="DrawSimpleTriangle_31.h">
      <Filter>头文件</Filter>
    </ClInclude>
    <ClInclude Include="DrawSimpleTriangle_32.h">
      <Filter>头文件</Filter>
    </ClInclude>
    <ClInclude Include="DrawSimpleTriangle_33.h">
      <Filter>头文件</Filter>
    </ClInclude>
    <ClInclude Include="DrawSimpleTriangle_34.h">
      <Filter>头文件</Filter>
    </ClInclude>
    <ClInclude Include="DrawSimpleTriangle_35.h">
      <Filter>头文件</Filter>
    </ClInclude>
    <ClInclude Include="DrawSimpleTriangle_36.h">
      <Filter>头文件</Filter>
    </ClInclude>
    <ClInclude Include="DrawSimpleTriangle_37.h">
      <Filter>头文件</Filter>
    </ClInclude>
    <ClInclude Include="texture.h">
      <Filter>Game2D</Filter>
    </ClInclude>
    <ClInclude Include="Game.h">
      <Filter>Game2D</Filter>
    </ClInclude>
    <ClInclude Include="resource_manager.h">
      <Filter>Game2D</Filter>
    </ClInclude>
    <ClInclude Include="Mesh.h">
      <Filter>Framework</Filter>
    </ClInclude>
    <ClInclude Include="Model.h">
      <Filter>Framework</Filter>
    </ClInclude>
    <ClInclude Include="..\src\Camera.h">
      <Filter>Framework</Filter>
    </ClInclude>
    <ClInclude Include="..\src\Shader.h">
      <Filter>Framework</Filter>
    </ClInclude>
    <ClInclude Include="..\src\stb_image.h">
      <Filter>Framework</Filter>
    </ClInclude>
    <ClInclude Include="SimpleDrawTestBase.h">
      <Filter>Framework</Filter>
    </ClInclude>
    <ClInclude Include="game_object.h">
      <Filter>Game2D</Filter>
    </ClInclude>
    <ClInclude Include="sprite_renderer.h">
      <Filter>Game2D</Filter>
    </ClInclude>
    <ClInclude Include="game_level.h">
      <Filter>Game2D</Filter>
    </ClInclude>
    <ClInclude Include="ball_object.h">
      <Filter>Game2D</Filter>
    </ClInclude>
    <ClInclude Include="particle_generator.h">
      <Filter>Game2D</Filter>
    </ClInclude>
    <ClInclude Include="post_processor.h">
      <Filter>Game2D</Filter>
    </ClInclude>
    <ClInclude Include="power_up.h">
      <Filter>Game2D</Filter>
    </ClInclude>
  </ItemGroup>
</Project>