<?xml version="1.0" encoding="utf-8"?>
<Project ToolsVersion="4.0" xmlns="http://schemas.microsoft.com/developer/msbuild/2003">
  <ItemGroup>
    <Filter Include="源文件">
      <UniqueIdentifier>{4FC737F1-C7A5-4376-A066-2A32D752A2FF}</UniqueIdentifier>
      <Extensions>cpp;c;cc;cxx;def;odl;idl;hpj;bat;asm;asmx</Extensions>
    </Filter>
    <Filter Include="头文件">
      <UniqueIdentifier>{93995380-89BD-4b04-88EB-625FBE52EBFB}</UniqueIdentifier>
      <Extensions>h;hh;hpp;hxx;hm;inl;inc;ipp;xsd</Extensions>
    </Filter>
    <Filter Include="资源文件">
      <UniqueIdentifier>{67DA6AB6-F800-4c08-8B7A-83BB121AAD01}</UniqueIdentifier>
      <Extensions>rc;ico;cur;bmp;dlg;rc2;rct;bin;rgs;gif;jpg;jpeg;jpe;resx;tiff;tif;png;wav;mfcribbon-ms</Extensions>
    </Filter>
  </ItemGroup>
  <ItemGroup>
    <ClCompile Include="..\src\hello.cpp">
      <Filter>源文件</Filter>
    </ClCompile>
    <ClCompile Include="DrawSimpleTriangle.cpp">
      <Filter>源文件</Filter>
    </ClCompile>
    <ClCompile Include="DrawSimpleTriangle_2.cpp">
      <Filter>源文件</Filter>
    </ClCompile>
    <ClCompile Include="DrawSimpleTriangle_3.cpp">
      <Filter>源文件</Filter>
    </ClCompile>
    <ClCompile Include="DrawSimpleTriangle_4.cpp">
      <Filter>源文件</Filter>
    </ClCompile>
    <ClCompile Include="DrawSimpleTriangle_5.cpp">
      <Filter>源文件</Filter>
    </ClCompile>
    <ClCompile Include="stb_image_output.cpp">
      <Filter>源文件</Filter>
    </ClCompile>
    <ClCompile Include="SimpleDrawTestBase.cpp">
      <Filter>源文件</Filter>
    </ClCompile>
    <ClCompile Include="DrawSimpleTriangle_6.cpp">
      <Filter>源文件</Filter>
    </ClCompile>
    <ClCompile Include="DrawSimpleTriangle_7.cpp">
      <Filter>源文件</Filter>
    </ClCompile>
    <ClCompile Include="DrawSimpleTriangle_8.cpp">
      <Filter>源文件</Filter>
    </ClCompile>
    <ClCompile Include="DrawSimpleTriangle_9.cpp">
      <Filter>源文件</Filter>
    </ClCompile>
    <ClCompile Include="DrawSimpleTriangle_10.cpp">
      <Filter>源文件</Filter>
    </ClCompile>
    <ClCompile Include="DrawSimpleTriangle_11.cpp">
      <Filter>源文件</Filter>
    </ClCompile>
    <ClCompile Include="DrawSimpleTriangle_12.cpp">
      <Filter>源文件</Filter>
    </ClCompile>
    <ClCompile Include="DrawSimpleTriangle_13.cpp">
      <Filter>源文件</Filter>
    </ClCompile>
    <ClCompile Include="DrawSimpleTriangle_14.cpp">
      <Filter>源文件</Filter>
    </ClCompile>
    <ClCompile Include="Mesh.cpp">
      <Filter>源文件</Filter>
    </ClCompile>
    <ClCompile Include="Model.cpp">
      <Filter>源文件</Filter>
    </ClCompile>
    <ClCompile Include="DrawSimpleTriangle_15.cpp">
      <Filter>源文件</Filter>
    </ClCompile>
    <ClCompile Include="DrawSimpleTriangle_16.cpp">
      <Filter>源文件</Filter>
    </ClCompile>
    <ClCompile Include="DrawSimpleTriangle_17.cpp">
      <Filter>源文件</Filter>
    </ClCompile>
    <ClCompile Include="DrawSimpleTriangle_18.cpp">
      <Filter>源文件</Filter>
    </ClCompile>
    <ClCompile Include="DrawSimpleTriangle_19.cpp">
      <Filter>源文件</Filter>
    </ClCompile>
    <ClCompile Include="DrawSimpleTriangle_20.cpp">
      <Filter>源文件</Filter>
    </ClCompile>
  </ItemGroup>
  <ItemGroup>
    <None Include="ThirdPartyLibs\Libs\glew32.dll">
      <Filter>资源文件</Filter>
    </None>
    <None Include="ThirdPartyLibs\Libs\glfw3.dll">
      <Filter>资源文件</Filter>
    </None>
  </ItemGroup>
  <ItemGroup>
    <ClInclude Include="..\src\Shader.h">
      <Filter>源文件</Filter>
    </ClInclude>
    <ClInclude Include="DrawSimpleTriangle.h">
      <Filter>头文件</Filter>
    </ClInclude>
    <ClInclude Include="DrawSimpleTriangle_2.h">
      <Filter>头文件</Filter>
    </ClInclude>
    <ClInclude Include="DrawSimpleTriangle_3.h">
      <Filter>头文件</Filter>
    </ClInclude>
    <ClInclude Include="DrawSimpleTriangle_4.h">
      <Filter>头文件</Filter>
    </ClInclude>
    <ClInclude Include="DrawSimpleTriangle_5.h">
      <Filter>头文件</Filter>
    </ClInclude>
    <ClInclude Include="..\src\stb_image.h">
      <Filter>源文件</Filter>
    </ClInclude>
    <ClInclude Include="SimpleDrawTestBase.h">
      <Filter>头文件</Filter>
    </ClInclude>
    <ClInclude Include="DrawSimpleTriangle_6.h">
      <Filter>头文件</Filter>
    </ClInclude>
    <ClInclude Include="DrawSimpleTriangle_7.h">
      <Filter>头文件</Filter>
    </ClInclude>
    <ClInclude Include="DrawSimpleTriangle_8.h">
      <Filter>头文件</Filter>
    </ClInclude>
    <ClInclude Include="DrawSimpleTriangle_9.h">
      <Filter>头文件</Filter>
    </ClInclude>
    <ClInclude Include="..\src\Camera.h">
      <Filter>源文件</Filter>
    </ClInclude>
    <ClInclude Include="DrawSimpleTriangle_10.h">
      <Filter>头文件</Filter>
    </ClInclude>
    <ClInclude Include="DrawSimpleTriangle_11.h">
      <Filter>头文件</Filter>
    </ClInclude>
    <ClInclude Include="DrawSimpleTriangle_12.h">
      <Filter>头文件</Filter>
    </ClInclude>
    <ClInclude Include="DrawSimpleTriangle_13.h">
      <Filter>头文件</Filter>
    </ClInclude>
    <ClInclude Include="DrawSimpleTriangle_14.h">
      <Filter>头文件</Filter>
    </ClInclude>
    <ClInclude Include="Mesh.h">
      <Filter>头文件</Filter>
    </ClInclude>
    <ClInclude Include="Model.h">
      <Filter>头文件</Filter>
    </ClInclude>
    <ClInclude Include="DrawSimpleTriangle_15.h">
      <Filter>头文件</Filter>
    </ClInclude>
    <ClInclude Include="DrawSimpleTriangle_16.h">
      <Filter>头文件</Filter>
    </ClInclude>
    <ClInclude Include="DrawSimpleTriangle_17.h">
      <Filter>头文件</Filter>
    </ClInclude>
    <ClInclude Include="DrawSimpleTriangle_18.h">
      <Filter>头文件</Filter>
    </ClInclude>
    <ClInclude Include="DrawSimpleTriangle_19.h">
      <Filter>头文件</Filter>
    </ClInclude>
    <ClInclude Include="DrawSimpleTriangle_20.h">
      <Filter>头文件</Filter>
    </ClInclude>
  </ItemGroup>
</Project>